Microsoft Visual Studio Solution File, Format Version 12.00
# Visual Studio Version 17
VisualStudioVersion = 17.5.2.0
MinimumVisualStudioVersion = 10.0.40219.1
Project("{FAE04EC0-301F-11D3-BF4B-00C04F79EFBC}") = "CustomSorting", "CustomSorting\CustomSorting.csproj", "{B7F91D02-5B5D-2784-72DD-4FE1F49160A9}"
EndProject
Global
	GlobalSection(SolutionConfigurationPlatforms) = preSolution
		Debug|Any CPU = Debug|Any CPU
		Release|Any CPU = Release|Any CPU
	EndGlobalSection
	GlobalSection(ProjectConfigurationPlatforms) = postSolution
		{B7F91D02-5B5D-2784-72DD-4FE1F49160A9}.Debug|Any CPU.ActiveCfg = Debug|Any CPU
		{B7F91D02-5B5D-2784-72DD-4FE1F49160A9}.Debug|Any CPU.Build.0 = Debug|Any CPU
		{B7F91D02-5B5D-2784-72DD-4FE1F49160A9}.Release|Any CPU.ActiveCfg = Release|Any CPU
		{B7F91D02-5B5D-2784-72DD-4FE1F49160A9}.Release|Any CPU.Build.0 = Release|Any CPU
	EndGlobalSection
	GlobalSection(SolutionProperties) = preSolution
		HideSolutionNode = FALSE
	EndGlobalSection
	GlobalSection(ExtensibilityGlobals) = postSolution
		SolutionGuid = {D9439F3C-0059-404B-AA87-64073F98E6DD}
	EndGlobalSection
EndGlobal
